github.com/dave/jennifer v1.7.1 h1:B4jJJDHelWcDhlRQxWeo0Npa/pYKBLrirAQoTN45txo=
github.com/dave/jennifer v1.7.1/go.mod h1:nXbxhEmQfOZhWml3D1cDK5M1FLnMSozpbFN/m3RmGZc=
github.com/shamaton/msgpack/v3 v3.1.2 h1:d5gWAIyMU4M0WgDjz6IFSCuXJUA2dFwRHBpDclE8CLw=
github.com/shamaton/msgpack/v3 v3.1.2/go.mod h1:DcQG8jrdrQCIxr3HlMYkiXdMhK+KfN2CitkyzsQV4uc=
