github.com/dave/jennifer v1.7.1 h1:B4jJJDHelWcDhlRQxWeo0Npa/pYKBLrirAQoTN45txo=
github.com/dave/jennifer v1.7.1/go.mod h1:nXbxhEmQfOZhWml3D1cDK5M1FLnMSozpbFN/m3RmGZc=
github.com/shamaton/msgpack/v2 v2.3.1 h1:R3QNLIGA/tbdczNMZ5PCRxrXvy+fnzsIaHG4kKMgWYo=
github.com/shamaton/msgpack/v2 v2.3.1/go.mod h1:6khjYnkx73f7VQU7wjcFS9DFjs+59naVWJv1TB7qdOI=
